// !$*UTF8*$!
{
	archiveVersion = 1;
	classes = {
	};
	objectVersion = 46;
	objects = {

/* Begin PBXBuildFile section */
		920430DA19CB574200BB6BEC /* SignInViewController.swift in Sources */ = {isa = PBXBuildFile; fileRef = 920430D919CB574200BB6BEC /* SignInViewController.swift */; };
		920C15D519F19D4E008E344C /* ColorConstants.swift in Sources */ = {isa = PBXBuildFile; fileRef = 920C15D419F19D4E008E344C /* ColorConstants.swift */; };
		921E856E19A00B95008801A3 /* ThemeCell.swift in Sources */ = {isa = PBXBuildFile; fileRef = 921E856D19A00B95008801A3 /* ThemeCell.swift */; };
		921E857119A012BE008801A3 /* Poem.swift in Sources */ = {isa = PBXBuildFile; fileRef = 921E857019A012BE008801A3 /* Poem.swift */; };
		921E857319A0175F008801A3 /* ThemeChooserViewController.swift in Sources */ = {isa = PBXBuildFile; fileRef = 921E857219A0175F008801A3 /* ThemeChooserViewController.swift */; };
		921E857B19A116FC008801A3 /* PoemComposerWordCell.swift in Sources */ = {isa = PBXBuildFile; fileRef = 921E857A19A116FC008801A3 /* PoemComposerWordCell.swift */; };
		9249491319CF066200D88E79 /* PoemHistoryViewController.swift in Sources */ = {isa = PBXBuildFile; fileRef = 9249491219CF066200D88E79 /* PoemHistoryViewController.swift */; };
		9251C03C19A2711D00388ABA /* Theme.swift in Sources */ = {isa = PBXBuildFile; fileRef = 9251C03B19A2711D00388ABA /* Theme.swift */; };
		92A47B19199FCE4D00EDF6A8 /* AppDelegate.swift in Sources */ = {isa = PBXBuildFile; fileRef = 92A47B18199FCE4D00EDF6A8 /* AppDelegate.swift */; };
		92A47B1B199FCE4D00EDF6A8 /* PoemComposerViewController.swift in Sources */ = {isa = PBXBuildFile; fileRef = 92A47B1A199FCE4D00EDF6A8 /* PoemComposerViewController.swift */; };
		92A47B1E199FCE4D00EDF6A8 /* Main.storyboard in Resources */ = {isa = PBXBuildFile; fileRef = 92A47B1C199FCE4D00EDF6A8 /* Main.storyboard */; };
		92A47B20199FCE4D00EDF6A8 /* Images.xcassets in Resources */ = {isa = PBXBuildFile; fileRef = 92A47B1F199FCE4D00EDF6A8 /* Images.xcassets */; };
		92AFFC5119EC82B7008297D2 /* AboutViewController.swift in Sources */ = {isa = PBXBuildFile; fileRef = 92AFFC5019EC82B7008297D2 /* AboutViewController.swift */; };
		92C54BE019BE2981008AF372 /* CountdownView.swift in Sources */ = {isa = PBXBuildFile; fileRef = 92C54BDF19BE2981008AF372 /* CountdownView.swift */; };
		92F79C7919DEC378002F9484 /* PoemCell.swift in Sources */ = {isa = PBXBuildFile; fileRef = 92F79C7819DEC378002F9484 /* PoemCell.swift */; };
		9533CDD8204A0D7100F79211 /* Podfile in Resources */ = {isa = PBXBuildFile; fileRef = 9533CDD7204A0D7100F79211 /* Podfile */; };
		95B237D3208E3CA60025BEA7 /* ThemeChooserViewController.swift in Sources */ = {isa = PBXBuildFile; fileRef = 921E857219A0175F008801A3 /* ThemeChooserViewController.swift */; };
		95B237D4208E3CA60025BEA7 /* ImageCarouselCollectionViewCell.swift in Sources */ = {isa = PBXBuildFile; fileRef = BF6BE6AA19F5CE070039073B /* ImageCarouselCollectionViewCell.swift */; };
		95B237D5208E3CA60025BEA7 /* AboutViewController.swift in Sources */ = {isa = PBXBuildFile; fileRef = 92AFFC5019EC82B7008297D2 /* AboutViewController.swift */; };
		95B237D6208E3CA60025BEA7 /* PoemComposerViewController.swift in Sources */ = {isa = PBXBuildFile; fileRef = 92A47B1A199FCE4D00EDF6A8 /* PoemComposerViewController.swift */; };
		95B237D7208E3CA60025BEA7 /* PoemHistoryViewController.swift in Sources */ = {isa = PBXBuildFile; fileRef = 9249491219CF066200D88E79 /* PoemHistoryViewController.swift */; };
		95B237D8208E3CA60025BEA7 /* AppDelegate.swift in Sources */ = {isa = PBXBuildFile; fileRef = 92A47B18199FCE4D00EDF6A8 /* AppDelegate.swift */; };
		95B237D9208E3CA60025BEA7 /* ThemeCell.swift in Sources */ = {isa = PBXBuildFile; fileRef = 921E856D19A00B95008801A3 /* ThemeCell.swift */; };
		95B237DA208E3CA60025BEA7 /* PoemComposerWordCell.swift in Sources */ = {isa = PBXBuildFile; fileRef = 921E857A19A116FC008801A3 /* PoemComposerWordCell.swift */; };
		95B237DB208E3CA60025BEA7 /* PoemCell.swift in Sources */ = {isa = PBXBuildFile; fileRef = 92F79C7819DEC378002F9484 /* PoemCell.swift */; };
		95B237DC208E3CA60025BEA7 /* ImageCarouselView.swift in Sources */ = {isa = PBXBuildFile; fileRef = BF6BE6A519F5CB870039073B /* ImageCarouselView.swift */; };
		95B237DD208E3CA60025BEA7 /* ColorConstants.swift in Sources */ = {isa = PBXBuildFile; fileRef = 920C15D419F19D4E008E344C /* ColorConstants.swift */; };
		95B237DE208E3CA60025BEA7 /* SignInViewController.swift in Sources */ = {isa = PBXBuildFile; fileRef = 920430D919CB574200BB6BEC /* SignInViewController.swift */; };
		95B237DF208E3CA60025BEA7 /* CountdownView.swift in Sources */ = {isa = PBXBuildFile; fileRef = 92C54BDF19BE2981008AF372 /* CountdownView.swift */; };
		95B237E0208E3CA60025BEA7 /* Theme.swift in Sources */ = {isa = PBXBuildFile; fileRef = 9251C03B19A2711D00388ABA /* Theme.swift */; };
		95B237E1208E3CA60025BEA7 /* Poem.swift in Sources */ = {isa = PBXBuildFile; fileRef = 921E857019A012BE008801A3 /* Poem.swift */; };
		95B237E4208E3CA60025BEA7 /* Main.storyboard in Resources */ = {isa = PBXBuildFile; fileRef = 92A47B1C199FCE4D00EDF6A8 /* Main.storyboard */; };
		95B237E5208E3CA60025BEA7 /* Themes.json in Resources */ = {isa = PBXBuildFile; fileRef = D18FAC0419A0FC0100CFAF83 /* Themes.json */; };
		95B237E6208E3CA60025BEA7 /* GoogleService-Info.plist in Resources */ = {isa = PBXBuildFile; fileRef = D8B68BC8206D5D49000E3FE3 /* GoogleService-Info.plist */; };
		95B237E7208E3CA60025BEA7 /* Podfile in Resources */ = {isa = PBXBuildFile; fileRef = 9533CDD7204A0D7100F79211 /* Podfile */; };
		95B237E8208E3CA60025BEA7 /* Images.xcassets in Resources */ = {isa = PBXBuildFile; fileRef = 92A47B1F199FCE4D00EDF6A8 /* Images.xcassets */; };
		95B237F2208E3CF90025BEA7 /* Prod-Info.plist in Resources */ = {isa = PBXBuildFile; fileRef = 95B237F1208E3CF90025BEA7 /* Prod-Info.plist */; };
		BF6BE6A619F5CB870039073B /* ImageCarouselView.swift in Sources */ = {isa = PBXBuildFile; fileRef = BF6BE6A519F5CB870039073B /* ImageCarouselView.swift */; };
		BF6BE6AB19F5CE070039073B /* ImageCarouselCollectionViewCell.swift in Sources */ = {isa = PBXBuildFile; fileRef = BF6BE6AA19F5CE070039073B /* ImageCarouselCollectionViewCell.swift */; };
		D18FAC0519A0FC0100CFAF83 /* Themes.json in Resources */ = {isa = PBXBuildFile; fileRef = D18FAC0419A0FC0100CFAF83 /* Themes.json */; };
		D8B68BC9206D5D4A000E3FE3 /* GoogleService-Info.plist in Resources */ = {isa = PBXBuildFile; fileRef = D8B68BC8206D5D49000E3FE3 /* GoogleService-Info.plist */; };
/* End PBXBuildFile section */

/* Begin PBXFileReference section */
		17EB4F5254B0DA151867866C /* Pods-Cannonball.release.xcconfig */ = {isa = PBXFileReference; includeInIndex = 1; lastKnownFileType = text.xcconfig; name = "Pods-Cannonball.release.xcconfig"; path = "Pods/Target Support Files/Pods-Cannonball/Pods-Cannonball.release.xcconfig"; sourceTree = "<group>"; };
		841543FA004B54E2D80DFCA7 /* Pods-Cannonball.debug.xcconfig */ = {isa = PBXFileReference; includeInIndex = 1; lastKnownFileType = text.xcconfig; name = "Pods-Cannonball.debug.xcconfig"; path = "Pods/Target Support Files/Pods-Cannonball/Pods-Cannonball.debug.xcconfig"; sourceTree = "<group>"; };
		920430D919CB574200BB6BEC /* SignInViewController.swift */ = {isa = PBXFileReference; fileEncoding = 4; lastKnownFileType = sourcecode.swift; path = SignInViewController.swift; sourceTree = "<group>"; };
		920C15D419F19D4E008E344C /* ColorConstants.swift */ = {isa = PBXFileReference; fileEncoding = 4; lastKnownFileType = sourcecode.swift; lineEnding = 0; path = ColorConstants.swift; sourceTree = "<group>"; xcLanguageSpecificationIdentifier = xcode.lang.swift; };
		921E856D19A00B95008801A3 /* ThemeCell.swift */ = {isa = PBXFileReference; fileEncoding = 4; lastKnownFileType = sourcecode.swift; path = ThemeCell.swift; sourceTree = "<group>"; };
		921E857019A012BE008801A3 /* Poem.swift */ = {isa = PBXFileReference; fileEncoding = 4; lastKnownFileType = sourcecode.swift; path = Poem.swift; sourceTree = "<group>"; };
		921E857219A0175F008801A3 /* ThemeChooserViewController.swift */ = {isa = PBXFileReference; fileEncoding = 4; lastKnownFileType = sourcecode.swift; lineEnding = 0; path = ThemeChooserViewController.swift; sourceTree = "<group>"; xcLanguageSpecificationIdentifier = xcode.lang.swift; };
		921E857A19A116FC008801A3 /* PoemComposerWordCell.swift */ = {isa = PBXFileReference; fileEncoding = 4; lastKnownFileType = sourcecode.swift; path = PoemComposerWordCell.swift; sourceTree = "<group>"; };
		9249491219CF066200D88E79 /* PoemHistoryViewController.swift */ = {isa = PBXFileReference; fileEncoding = 4; lastKnownFileType = sourcecode.swift; path = PoemHistoryViewController.swift; sourceTree = "<group>"; };
		9251C03B19A2711D00388ABA /* Theme.swift */ = {isa = PBXFileReference; fileEncoding = 4; lastKnownFileType = sourcecode.swift; path = Theme.swift; sourceTree = "<group>"; };
		92A47B13199FCE4D00EDF6A8 /* Cannonball.app */ = {isa = PBXFileReference; explicitFileType = wrapper.application; includeInIndex = 0; path = Cannonball.app; sourceTree = BUILT_PRODUCTS_DIR; };
		92A47B17199FCE4D00EDF6A8 /* Info.plist */ = {isa = PBXFileReference; lastKnownFileType = text.plist.xml; path = Info.plist; sourceTree = "<group>"; };
		92A47B18199FCE4D00EDF6A8 /* AppDelegate.swift */ = {isa = PBXFileReference; lastKnownFileType = sourcecode.swift; path = AppDelegate.swift; sourceTree = "<group>"; };
		92A47B1A199FCE4D00EDF6A8 /* PoemComposerViewController.swift */ = {isa = PBXFileReference; lastKnownFileType = sourcecode.swift; path = PoemComposerViewController.swift; sourceTree = "<group>"; };
		92A47B1D199FCE4D00EDF6A8 /* Base */ = {isa = PBXFileReference; lastKnownFileType = file.storyboard; name = Base; path = Base.lproj/Main.storyboard; sourceTree = "<group>"; };
		92A47B1F199FCE4D00EDF6A8 /* Images.xcassets */ = {isa = PBXFileReference; lastKnownFileType = folder.assetcatalog; path = Images.xcassets; sourceTree = "<group>"; };
		92AFFC5019EC82B7008297D2 /* AboutViewController.swift */ = {isa = PBXFileReference; fileEncoding = 4; lastKnownFileType = sourcecode.swift; lineEnding = 0; path = AboutViewController.swift; sourceTree = "<group>"; xcLanguageSpecificationIdentifier = xcode.lang.swift; };
		92C54BDF19BE2981008AF372 /* CountdownView.swift */ = {isa = PBXFileReference; fileEncoding = 4; lastKnownFileType = sourcecode.swift; lineEnding = 0; path = CountdownView.swift; sourceTree = "<group>"; xcLanguageSpecificationIdentifier = xcode.lang.swift; };
		92F79C7819DEC378002F9484 /* PoemCell.swift */ = {isa = PBXFileReference; fileEncoding = 4; lastKnownFileType = sourcecode.swift; path = PoemCell.swift; sourceTree = "<group>"; };
		95104A43204A16A900D84372 /* Cannonball.entitlements */ = {isa = PBXFileReference; lastKnownFileType = text.plist.entitlements; path = Cannonball.entitlements; sourceTree = "<group>"; };
		9533CDD7204A0D7100F79211 /* Podfile */ = {isa = PBXFileReference; fileEncoding = 4; lastKnownFileType = text; path = Podfile; sourceTree = "<group>"; xcLanguageSpecificationIdentifier = xcode.lang.ruby; };
		95B237EF208E3CA60025BEA7 /* Cannonball Prod.app */ = {isa = PBXFileReference; explicitFileType = wrapper.application; includeInIndex = 0; path = "Cannonball Prod.app"; sourceTree = BUILT_PRODUCTS_DIR; };
		95B237F1208E3CF90025BEA7 /* Prod-Info.plist */ = {isa = PBXFileReference; fileEncoding = 4; lastKnownFileType = text.plist.xml; path = "Prod-Info.plist"; sourceTree = "<group>"; };
		BF6BE6A519F5CB870039073B /* ImageCarouselView.swift */ = {isa = PBXFileReference; fileEncoding = 4; lastKnownFileType = sourcecode.swift; path = ImageCarouselView.swift; sourceTree = "<group>"; };
		BF6BE6AA19F5CE070039073B /* ImageCarouselCollectionViewCell.swift */ = {isa = PBXFileReference; fileEncoding = 4; lastKnownFileType = sourcecode.swift; path = ImageCarouselCollectionViewCell.swift; sourceTree = "<group>"; };
		D18FAC0419A0FC0100CFAF83 /* Themes.json */ = {isa = PBXFileReference; fileEncoding = 4; lastKnownFileType = text.json; path = Themes.json; sourceTree = "<group>"; };
		D8B68BC8206D5D49000E3FE3 /* GoogleService-Info.plist */ = {isa = PBXFileReference; fileEncoding = 4; lastKnownFileType = text.plist.xml; path = "GoogleService-Info.plist"; sourceTree = "<group>"; };
/* End PBXFileReference section */

/* Begin PBXFrameworksBuildPhase section */
		92A47B10199FCE4D00EDF6A8 /* Frameworks */ = {
			isa = PBXFrameworksBuildPhase;
			buildActionMask = 2147483647;
			files = (
			);
			runOnlyForDeploymentPostprocessing = 0;
		};
		95B237E2208E3CA60025BEA7 /* Frameworks */ = {
			isa = PBXFrameworksBuildPhase;
			buildActionMask = 2147483647;
			files = (
			);
			runOnlyForDeploymentPostprocessing = 0;
		};
/* End PBXFrameworksBuildPhase section */

/* Begin PBXGroup section */
		921E856B19A00AC7008801A3 /* Views */ = {
			isa = PBXGroup;
			children = (
				92C54BDF19BE2981008AF372 /* CountdownView.swift */,
				BF6BE6AA19F5CE070039073B /* ImageCarouselCollectionViewCell.swift */,
				BF6BE6A519F5CB870039073B /* ImageCarouselView.swift */,
				92F79C7819DEC378002F9484 /* PoemCell.swift */,
				921E857A19A116FC008801A3 /* PoemComposerWordCell.swift */,
				921E856D19A00B95008801A3 /* ThemeCell.swift */,
			);
			name = Views;
			sourceTree = "<group>";
		};
		921E856C19A00AD1008801A3 /* Models */ = {
			isa = PBXGroup;
			children = (
				921E857019A012BE008801A3 /* Poem.swift */,
				9251C03B19A2711D00388ABA /* Theme.swift */,
			);
			name = Models;
			sourceTree = "<group>";
		};
		921E856F19A011B5008801A3 /* View Controllers */ = {
			isa = PBXGroup;
			children = (
				92AFFC5019EC82B7008297D2 /* AboutViewController.swift */,
				92A47B1A199FCE4D00EDF6A8 /* PoemComposerViewController.swift */,
				9249491219CF066200D88E79 /* PoemHistoryViewController.swift */,
				920430D919CB574200BB6BEC /* SignInViewController.swift */,
				921E857219A0175F008801A3 /* ThemeChooserViewController.swift */,
			);
			name = "View Controllers";
			sourceTree = "<group>";
		};
		921E857719A0CD46008801A3 /* Resources */ = {
			isa = PBXGroup;
			children = (
				D18FAC0419A0FC0100CFAF83 /* Themes.json */,
			);
			path = Resources;
			sourceTree = "<group>";
		};
		92A47B0A199FCE4D00EDF6A8 = {
			isa = PBXGroup;
			children = (
				D8B68BC8206D5D49000E3FE3 /* GoogleService-Info.plist */,
				9533CDD7204A0D7100F79211 /* Podfile */,
				92A47B15199FCE4D00EDF6A8 /* Cannonball */,
				92A47B14199FCE4D00EDF6A8 /* Products */,
				9F241EC7B45A1CAFCFE299CA /* Pods */,
				9B16E087AA21F645068E99AF /* Frameworks */,
			);
			sourceTree = "<group>";
		};
		92A47B14199FCE4D00EDF6A8 /* Products */ = {
			isa = PBXGroup;
			children = (
				92A47B13199FCE4D00EDF6A8 /* Cannonball.app */,
				95B237EF208E3CA60025BEA7 /* Cannonball Prod.app */,
			);
			name = Products;
			sourceTree = "<group>";
		};
		92A47B15199FCE4D00EDF6A8 /* Cannonball */ = {
			isa = PBXGroup;
			children = (
				95104A43204A16A900D84372 /* Cannonball.entitlements */,
				921E856C19A00AD1008801A3 /* Models */,
				921E856F19A011B5008801A3 /* View Controllers */,
				921E856B19A00AC7008801A3 /* Views */,
				92A47B18199FCE4D00EDF6A8 /* AppDelegate.swift */,
				920C15D419F19D4E008E344C /* ColorConstants.swift */,
				92A47B1C199FCE4D00EDF6A8 /* Main.storyboard */,
				92A47B1F199FCE4D00EDF6A8 /* Images.xcassets */,
				921E857719A0CD46008801A3 /* Resources */,
				92A47B16199FCE4D00EDF6A8 /* Supporting Files */,
			);
			path = Cannonball;
			sourceTree = "<group>";
		};
		92A47B16199FCE4D00EDF6A8 /* Supporting Files */ = {
			isa = PBXGroup;
			children = (
				95B237F1208E3CF90025BEA7 /* Prod-Info.plist */,
				92A47B17199FCE4D00EDF6A8 /* Info.plist */,
			);
			name = "Supporting Files";
			sourceTree = "<group>";
		};
		9B16E087AA21F645068E99AF /* Frameworks */ = {
			isa = PBXGroup;
			children = (
			);
			name = Frameworks;
			sourceTree = "<group>";
		};
		9F241EC7B45A1CAFCFE299CA /* Pods */ = {
			isa = PBXGroup;
			children = (
				841543FA004B54E2D80DFCA7 /* Pods-Cannonball.debug.xcconfig */,
				17EB4F5254B0DA151867866C /* Pods-Cannonball.release.xcconfig */,
			);
			name = Pods;
			sourceTree = "<group>";
		};
/* End PBXGroup section */

/* Begin PBXNativeTarget section */
		92A47B12199FCE4D00EDF6A8 /* Cannonball Dev */ = {
			isa = PBXNativeTarget;
			buildConfigurationList = 92A47B2F199FCE4E00EDF6A8 /* Build configuration list for PBXNativeTarget "Cannonball Dev" */;
			buildPhases = (
				AC3B9FE788528AAF9D9FD73D /* [CP] Check Pods Manifest.lock */,
				92A47B0F199FCE4D00EDF6A8 /* Sources */,
				92A47B10199FCE4D00EDF6A8 /* Frameworks */,
				92A47B11199FCE4D00EDF6A8 /* Resources */,
				BC4B620624B6D0ECEF9FEBB9 /* [CP] Embed Pods Frameworks */,
				95E3E2738C98BA8050C64A0D /* [CP] Copy Pods Resources */,
				D8B68BC5206D5BF5000E3FE3 /* Firebase Crashlytics */,
			);
			buildRules = (
			);
			dependencies = (
			);
			name = "Cannonball Dev";
			productName = Cannonball;
			productReference = 92A47B13199FCE4D00EDF6A8 /* Cannonball.app */;
			productType = "com.apple.product-type.application";
		};
		95B237D0208E3CA60025BEA7 /* Cannonball Prod */ = {
			isa = PBXNativeTarget;
			buildConfigurationList = 95B237EC208E3CA60025BEA7 /* Build configuration list for PBXNativeTarget "Cannonball Prod" */;
			buildPhases = (
				95B237D1208E3CA60025BEA7 /* [CP] Check Pods Manifest.lock */,
				95B237D2208E3CA60025BEA7 /* Sources */,
				95B237E2208E3CA60025BEA7 /* Frameworks */,
				95B237E3208E3CA60025BEA7 /* Resources */,
				95B237E9208E3CA60025BEA7 /* [CP] Embed Pods Frameworks */,
				95B237EA208E3CA60025BEA7 /* [CP] Copy Pods Resources */,
				95B237EB208E3CA60025BEA7 /* Firebase Crashlytics */,
			);
			buildRules = (
			);
			dependencies = (
			);
			name = "Cannonball Prod";
			productName = Cannonball;
			productReference = 95B237EF208E3CA60025BEA7 /* Cannonball Prod.app */;
			productType = "com.apple.product-type.application";
		};
/* End PBXNativeTarget section */

/* Begin PBXProject section */
		92A47B0B199FCE4D00EDF6A8 /* Project object */ = {
			isa = PBXProject;
			attributes = {
				LastSwiftMigration = 0700;
				LastSwiftUpdateCheck = 0700;
				LastUpgradeCheck = 0820;
				ORGANIZATIONNAME = Twitter;
				TargetAttributes = {
					92A47B12199FCE4D00EDF6A8 = {
						CreatedOnToolsVersion = 6.0;
						DevelopmentTeam = EQHXZ8M8AV;
						LastSwiftMigration = 0920;
						ProvisioningStyle = Manual;
						SystemCapabilities = {
							com.apple.BackgroundModes = {
								enabled = 1;
							};
							com.apple.Push = {
								enabled = 1;
							};
						};
					};
				};
			};
			buildConfigurationList = 92A47B0E199FCE4D00EDF6A8 /* Build configuration list for PBXProject "Cannonball" */;
			compatibilityVersion = "Xcode 3.2";
			developmentRegion = English;
			hasScannedForEncodings = 0;
			knownRegions = (
				en,
				Base,
			);
			mainGroup = 92A47B0A199FCE4D00EDF6A8;
			productRefGroup = 92A47B14199FCE4D00EDF6A8 /* Products */;
			projectDirPath = "";
			projectRoot = "";
			targets = (
				92A47B12199FCE4D00EDF6A8 /* Cannonball Dev */,
				95B237D0208E3CA60025BEA7 /* Cannonball Prod */,
			);
		};
/* End PBXProject section */

/* Begin PBXResourcesBuildPhase section */
		92A47B11199FCE4D00EDF6A8 /* Resources */ = {
			isa = PBXResourcesBuildPhase;
			buildActionMask = 2147483647;
			files = (
				92A47B1E199FCE4D00EDF6A8 /* Main.storyboard in Resources */,
				D18FAC0519A0FC0100CFAF83 /* Themes.json in Resources */,
				D8B68BC9206D5D4A000E3FE3 /* GoogleService-Info.plist in Resources */,
				9533CDD8204A0D7100F79211 /* Podfile in Resources */,
				92A47B20199FCE4D00EDF6A8 /* Images.xcassets in Resources */,
			);
			runOnlyForDeploymentPostprocessing = 0;
		};
		95B237E3208E3CA60025BEA7 /* Resources */ = {
			isa = PBXResourcesBuildPhase;
			buildActionMask = 2147483647;
			files = (
				95B237E4208E3CA60025BEA7 /* Main.storyboard in Resources */,
				95B237E5208E3CA60025BEA7 /* Themes.json in Resources */,
				95B237E6208E3CA60025BEA7 /* GoogleService-Info.plist in Resources */,
				95B237F2208E3CF90025BEA7 /* Prod-Info.plist in Resources */,
				95B237E7208E3CA60025BEA7 /* Podfile in Resources */,
				95B237E8208E3CA60025BEA7 /* Images.xcassets in Resources */,
			);
			runOnlyForDeploymentPostprocessing = 0;
		};
/* End PBXResourcesBuildPhase section */

/* Begin PBXShellScriptBuildPhase section */
		95B237D1208E3CA60025BEA7 /* [CP] Check Pods Manifest.lock */ = {
			isa = PBXShellScriptBuildPhase;
			buildActionMask = 2147483647;
			files = (
			);
			inputPaths = (
				"${PODS_PODFILE_DIR_PATH}/Podfile.lock",
				"${PODS_ROOT}/Manifest.lock",
			);
			name = "[CP] Check Pods Manifest.lock";
			outputPaths = (
				"$(DERIVED_FILE_DIR)/Pods-Cannonball-checkManifestLockResult.txt",
			);
			runOnlyForDeploymentPostprocessing = 0;
			shellPath = /bin/sh;
			shellScript = "diff \"${PODS_PODFILE_DIR_PATH}/Podfile.lock\" \"${PODS_ROOT}/Manifest.lock\" > /dev/null\nif [ $? != 0 ] ; then\n    # print error to STDERR\n    echo \"error: The sandbox is not in sync with the Podfile.lock. Run 'pod install' or update your CocoaPods installation.\" >&2\n    exit 1\nfi\n# This output is used by Xcode 'outputs' to avoid re-running this script phase.\necho \"SUCCESS\" > \"${SCRIPT_OUTPUT_FILE_0}\"\n";
			showEnvVarsInLog = 0;
		};
		95B237E9208E3CA60025BEA7 /* [CP] Embed Pods Frameworks */ = {
			isa = PBXShellScriptBuildPhase;
			buildActionMask = 2147483647;
			files = (
			);
			inputPaths = (
				"${SRCROOT}/Pods/Target Support Files/Pods-Cannonball/Pods-Cannonball-frameworks.sh",
				"${BUILT_PRODUCTS_DIR}/GTMSessionFetcher/GTMSessionFetcher.framework",
				"${BUILT_PRODUCTS_DIR}/GoogleToolboxForMac/GoogleToolboxForMac.framework",
				"${BUILT_PRODUCTS_DIR}/leveldb-library/leveldb.framework",
				"${BUILT_PRODUCTS_DIR}/nanopb/nanopb.framework",
			);
			name = "[CP] Embed Pods Frameworks";
			outputPaths = (
				"${TARGET_BUILD_DIR}/${FRAMEWORKS_FOLDER_PATH}/GTMSessionFetcher.framework",
				"${TARGET_BUILD_DIR}/${FRAMEWORKS_FOLDER_PATH}/GoogleToolboxForMac.framework",
				"${TARGET_BUILD_DIR}/${FRAMEWORKS_FOLDER_PATH}/leveldb.framework",
				"${TARGET_BUILD_DIR}/${FRAMEWORKS_FOLDER_PATH}/nanopb.framework",
			);
			runOnlyForDeploymentPostprocessing = 0;
			shellPath = /bin/sh;
			shellScript = "\"${SRCROOT}/Pods/Target Support Files/Pods-Cannonball/Pods-Cannonball-frameworks.sh\"\n";
			showEnvVarsInLog = 0;
		};
		95B237EA208E3CA60025BEA7 /* [CP] Copy Pods Resources */ = {
			isa = PBXShellScriptBuildPhase;
			buildActionMask = 2147483647;
			files = (
			);
			inputPaths = (
				"${SRCROOT}/Pods/Target Support Files/Pods-Cannonball/Pods-Cannonball-resources.sh",
				"${PODS_CONFIGURATION_BUILD_DIR}/FirebaseUI/FirebaseAuthUI.bundle",
				"${PODS_CONFIGURATION_BUILD_DIR}/FirebaseUI/FirebasePhoneAuthUI.bundle",
			);
			name = "[CP] Copy Pods Resources";
			outputPaths = (
				"${TARGET_BUILD_DIR}/${UNLOCALIZED_RESOURCES_FOLDER_PATH}/FirebaseAuthUI.bundle",
				"${TARGET_BUILD_DIR}/${UNLOCALIZED_RESOURCES_FOLDER_PATH}/FirebasePhoneAuthUI.bundle",
			);
			runOnlyForDeploymentPostprocessing = 0;
			shellPath = /bin/sh;
			shellScript = "\"${SRCROOT}/Pods/Target Support Files/Pods-Cannonball/Pods-Cannonball-resources.sh\"\n";
			showEnvVarsInLog = 0;
		};
		95B237EB208E3CA60025BEA7 /* Firebase Crashlytics */ = {
			isa = PBXShellScriptBuildPhase;
			buildActionMask = 2147483647;
			files = (
			);
			inputPaths = (
			);
			name = "Firebase Crashlytics";
			outputPaths = (
			);
			runOnlyForDeploymentPostprocessing = 0;
			shellPath = /bin/sh;
			shellScript = "\"${PODS_ROOT}/Fabric/run\"";
		};
		95E3E2738C98BA8050C64A0D /* [CP] Copy Pods Resources */ = {
			isa = PBXShellScriptBuildPhase;
			buildActionMask = 2147483647;
			files = (
			);
			inputPaths = (
				"${SRCROOT}/Pods/Target Support Files/Pods-Cannonball/Pods-Cannonball-resources.sh",
				"${PODS_CONFIGURATION_BUILD_DIR}/FirebaseUI/FirebaseAuthUI.bundle",
				"${PODS_CONFIGURATION_BUILD_DIR}/FirebaseUI/FirebasePhoneAuthUI.bundle",
			);
			name = "[CP] Copy Pods Resources";
			outputPaths = (
				"${TARGET_BUILD_DIR}/${UNLOCALIZED_RESOURCES_FOLDER_PATH}/FirebaseAuthUI.bundle",
				"${TARGET_BUILD_DIR}/${UNLOCALIZED_RESOURCES_FOLDER_PATH}/FirebasePhoneAuthUI.bundle",
			);
			runOnlyForDeploymentPostprocessing = 0;
			shellPath = /bin/sh;
			shellScript = "\"${SRCROOT}/Pods/Target Support Files/Pods-Cannonball/Pods-Cannonball-resources.sh\"\n";
			showEnvVarsInLog = 0;
		};
		AC3B9FE788528AAF9D9FD73D /* [CP] Check Pods Manifest.lock */ = {
			isa = PBXShellScriptBuildPhase;
			buildActionMask = 2147483647;
			files = (
			);
			inputPaths = (
				"${PODS_PODFILE_DIR_PATH}/Podfile.lock",
				"${PODS_ROOT}/Manifest.lock",
			);
			name = "[CP] Check Pods Manifest.lock";
			outputPaths = (
				"$(DERIVED_FILE_DIR)/Pods-Cannonball-checkManifestLockResult.txt",
			);
			runOnlyForDeploymentPostprocessing = 0;
			shellPath = /bin/sh;
			shellScript = "diff \"${PODS_PODFILE_DIR_PATH}/Podfile.lock\" \"${PODS_ROOT}/Manifest.lock\" > /dev/null\nif [ $? != 0 ] ; then\n    # print error to STDERR\n    echo \"error: The sandbox is not in sync with the Podfile.lock. Run 'pod install' or update your CocoaPods installation.\" >&2\n    exit 1\nfi\n# This output is used by Xcode 'outputs' to avoid re-running this script phase.\necho \"SUCCESS\" > \"${SCRIPT_OUTPUT_FILE_0}\"\n";
			showEnvVarsInLog = 0;
		};
		BC4B620624B6D0ECEF9FEBB9 /* [CP] Embed Pods Frameworks */ = {
			isa = PBXShellScriptBuildPhase;
			buildActionMask = 2147483647;
			files = (
			);
			inputPaths = (
				"${SRCROOT}/Pods/Target Support Files/Pods-Cannonball/Pods-Cannonball-frameworks.sh",
				"${BUILT_PRODUCTS_DIR}/GTMSessionFetcher/GTMSessionFetcher.framework",
				"${BUILT_PRODUCTS_DIR}/GoogleToolboxForMac/GoogleToolboxForMac.framework",
				"${BUILT_PRODUCTS_DIR}/leveldb-library/leveldb.framework",
				"${BUILT_PRODUCTS_DIR}/nanopb/nanopb.framework",
			);
			name = "[CP] Embed Pods Frameworks";
			outputPaths = (
				"${TARGET_BUILD_DIR}/${FRAMEWORKS_FOLDER_PATH}/GTMSessionFetcher.framework",
				"${TARGET_BUILD_DIR}/${FRAMEWORKS_FOLDER_PATH}/GoogleToolboxForMac.framework",
				"${TARGET_BUILD_DIR}/${FRAMEWORKS_FOLDER_PATH}/leveldb.framework",
				"${TARGET_BUILD_DIR}/${FRAMEWORKS_FOLDER_PATH}/nanopb.framework",
			);
			runOnlyForDeploymentPostprocessing = 0;
			shellPath = /bin/sh;
			shellScript = "\"${SRCROOT}/Pods/Target Support Files/Pods-Cannonball/Pods-Cannonball-frameworks.sh\"\n";
			showEnvVarsInLog = 0;
		};
		D8B68BC5206D5BF5000E3FE3 /* Firebase Crashlytics */ = {
			isa = PBXShellScriptBuildPhase;
			buildActionMask = 2147483647;
			files = (
			);
			inputPaths = (
			);
			name = "Firebase Crashlytics";
			outputPaths = (
			);
			runOnlyForDeploymentPostprocessing = 0;
			shellPath = /bin/sh;
			shellScript = "\"${PODS_ROOT}/Fabric/run\"";
		};
/* End PBXShellScriptBuildPhase section */

/* Begin PBXSourcesBuildPhase section */
		92A47B0F199FCE4D00EDF6A8 /* Sources */ = {
			isa = PBXSourcesBuildPhase;
			buildActionMask = 2147483647;
			files = (
				921E857319A0175F008801A3 /* ThemeChooserViewController.swift in Sources */,
				BF6BE6AB19F5CE070039073B /* ImageCarouselCollectionViewCell.swift in Sources */,
				92AFFC5119EC82B7008297D2 /* AboutViewController.swift in Sources */,
				92A47B1B199FCE4D00EDF6A8 /* PoemComposerViewController.swift in Sources */,
				9249491319CF066200D88E79 /* PoemHistoryViewController.swift in Sources */,
				92A47B19199FCE4D00EDF6A8 /* AppDelegate.swift in Sources */,
				921E856E19A00B95008801A3 /* ThemeCell.swift in Sources */,
				921E857B19A116FC008801A3 /* PoemComposerWordCell.swift in Sources */,
				92F79C7919DEC378002F9484 /* PoemCell.swift in Sources */,
				BF6BE6A619F5CB870039073B /* ImageCarouselView.swift in Sources */,
				920C15D519F19D4E008E344C /* ColorConstants.swift in Sources */,
				920430DA19CB574200BB6BEC /* SignInViewController.swift in Sources */,
				92C54BE019BE2981008AF372 /* CountdownView.swift in Sources */,
				9251C03C19A2711D00388ABA /* Theme.swift in Sources */,
				921E857119A012BE008801A3 /* Poem.swift in Sources */,
			);
			runOnlyForDeploymentPostprocessing = 0;
		};
		95B237D2208E3CA60025BEA7 /* Sources */ = {
			isa = PBXSourcesBuildPhase;
			buildActionMask = 2147483647;
			files = (
				95B237D3208E3CA60025BEA7 /* ThemeChooserViewController.swift in Sources */,
				95B237D4208E3CA60025BEA7 /* ImageCarouselCollectionViewCell.swift in Sources */,
				95B237D5208E3CA60025BEA7 /* AboutViewController.swift in Sources */,
				95B237D6208E3CA60025BEA7 /* PoemComposerViewController.swift in Sources */,
				95B237D7208E3CA60025BEA7 /* PoemHistoryViewController.swift in Sources */,
				95B237D8208E3CA60025BEA7 /* AppDelegate.swift in Sources */,
				95B237D9208E3CA60025BEA7 /* ThemeCell.swift in Sources */,
				95B237DA208E3CA60025BEA7 /* PoemComposerWordCell.swift in Sources */,
				95B237DB208E3CA60025BEA7 /* PoemCell.swift in Sources */,
				95B237DC208E3CA60025BEA7 /* ImageCarouselView.swift in Sources */,
				95B237DD208E3CA60025BEA7 /* ColorConstants.swift in Sources */,
				95B237DE208E3CA60025BEA7 /* SignInViewController.swift in Sources */,
				95B237DF208E3CA60025BEA7 /* CountdownView.swift in Sources */,
				95B237E0208E3CA60025BEA7 /* Theme.swift in Sources */,
				95B237E1208E3CA60025BEA7 /* Poem.swift in Sources */,
			);
			runOnlyForDeploymentPostprocessing = 0;
		};
/* End PBXSourcesBuildPhase section */

/* Begin PBXVariantGroup section */
		92A47B1C199FCE4D00EDF6A8 /* Main.storyboard */ = {
			isa = PBXVariantGroup;
			children = (
				92A47B1D199FCE4D00EDF6A8 /* Base */,
			);
			name = Main.storyboard;
			sourceTree = "<group>";
		};
/* End PBXVariantGroup section */

/* Begin XCBuildConfiguration section */
		92A47B2D199FCE4E00EDF6A8 /* Debug */ = {
			isa = XCBuildConfiguration;
			buildSettings = {
				ALWAYS_SEARCH_USER_PATHS = NO;
				CLANG_CXX_LANGUAGE_STANDARD = "gnu++0x";
				CLANG_CXX_LIBRARY = "libc++";
				CLANG_ENABLE_MODULES = YES;
				CLANG_ENABLE_OBJC_ARC = YES;
				CLANG_WARN_BOOL_CONVERSION = YES;
				CLANG_WARN_CONSTANT_CONVERSION = YES;
				CLANG_WARN_DIRECT_OBJC_ISA_USAGE = YES_ERROR;
				CLANG_WARN_EMPTY_BODY = YES;
				CLANG_WARN_ENUM_CONVERSION = YES;
				CLANG_WARN_INFINITE_RECURSION = YES;
				CLANG_WARN_INT_CONVERSION = YES;
				CLANG_WARN_OBJC_ROOT_CLASS = YES_ERROR;
				CLANG_WARN_SUSPICIOUS_MOVE = YES;
				CLANG_WARN_UNREACHABLE_CODE = YES;
				CLANG_WARN__DUPLICATE_METHOD_MATCH = YES;
				"CODE_SIGN_IDENTITY[sdk=iphoneos*]" = "iPhone Developer";
				COPY_PHASE_STRIP = NO;
				ENABLE_STRICT_OBJC_MSGSEND = YES;
				ENABLE_TESTABILITY = YES;
				GCC_C_LANGUAGE_STANDARD = gnu99;
				GCC_DYNAMIC_NO_PIC = NO;
				GCC_NO_COMMON_BLOCKS = YES;
				GCC_OPTIMIZATION_LEVEL = 0;
				GCC_PREPROCESSOR_DEFINITIONS = (
					"DEBUG=1",
					"$(inherited)",
				);
				GCC_SYMBOLS_PRIVATE_EXTERN = NO;
				GCC_WARN_64_TO_32_BIT_CONVERSION = YES;
				GCC_WARN_ABOUT_RETURN_TYPE = YES_ERROR;
				GCC_WARN_UNDECLARED_SELECTOR = YES;
				GCC_WARN_UNINITIALIZED_AUTOS = YES_AGGRESSIVE;
				GCC_WARN_UNUSED_FUNCTION = YES;
				GCC_WARN_UNUSED_VARIABLE = YES;
				IPHONEOS_DEPLOYMENT_TARGET = 8.0;
				MTL_ENABLE_DEBUG_INFO = YES;
				ONLY_ACTIVE_ARCH = YES;
				SDKROOT = iphoneos;
				SWIFT_OPTIMIZATION_LEVEL = "-Onone";
			};
			name = Debug;
		};
		92A47B2E199FCE4E00EDF6A8 /* Release */ = {
			isa = XCBuildConfiguration;
			buildSettings = {
				ALWAYS_SEARCH_USER_PATHS = NO;
				CLANG_CXX_LANGUAGE_STANDARD = "gnu++0x";
				CLANG_CXX_LIBRARY = "libc++";
				CLANG_ENABLE_MODULES = YES;
				CLANG_ENABLE_OBJC_ARC = YES;
				CLANG_WARN_BOOL_CONVERSION = YES;
				CLANG_WARN_CONSTANT_CONVERSION = YES;
				CLANG_WARN_DIRECT_OBJC_ISA_USAGE = YES_ERROR;
				CLANG_WARN_EMPTY_BODY = YES;
				CLANG_WARN_ENUM_CONVERSION = YES;
				CLANG_WARN_INFINITE_RECURSION = YES;
				CLANG_WARN_INT_CONVERSION = YES;
				CLANG_WARN_OBJC_ROOT_CLASS = YES_ERROR;
				CLANG_WARN_SUSPICIOUS_MOVE = YES;
				CLANG_WARN_UNREACHABLE_CODE = YES;
				CLANG_WARN__DUPLICATE_METHOD_MATCH = YES;
				"CODE_SIGN_IDENTITY[sdk=iphoneos*]" = "iPhone Developer";
				COPY_PHASE_STRIP = YES;
				ENABLE_NS_ASSERTIONS = NO;
				ENABLE_STRICT_OBJC_MSGSEND = YES;
				GCC_C_LANGUAGE_STANDARD = gnu99;
				GCC_NO_COMMON_BLOCKS = YES;
				GCC_WARN_64_TO_32_BIT_CONVERSION = YES;
				GCC_WARN_ABOUT_RETURN_TYPE = YES_ERROR;
				GCC_WARN_UNDECLARED_SELECTOR = YES;
				GCC_WARN_UNINITIALIZED_AUTOS = YES_AGGRESSIVE;
				GCC_WARN_UNUSED_FUNCTION = YES;
				GCC_WARN_UNUSED_VARIABLE = YES;
				IPHONEOS_DEPLOYMENT_TARGET = 8.0;
				MTL_ENABLE_DEBUG_INFO = NO;
				SDKROOT = iphoneos;
				SWIFT_OPTIMIZATION_LEVEL = "-Owholemodule";
				VALIDATE_PRODUCT = YES;
			};
			name = Release;
		};
		92A47B30199FCE4E00EDF6A8 /* Debug */ = {
			isa = XCBuildConfiguration;
			baseConfigurationReference = 841543FA004B54E2D80DFCA7 /* Pods-Cannonball.debug.xcconfig */;
			buildSettings = {
				ASSETCATALOG_COMPILER_APPICON_NAME = AppIcon;
				ASSETCATALOG_COMPILER_LAUNCHIMAGE_NAME = LaunchImage;
				CODE_SIGN_ENTITLEMENTS = Cannonball/Cannonball.entitlements;
				CODE_SIGN_IDENTITY = "iPhone Developer";
				CODE_SIGN_STYLE = Manual;
				DEVELOPMENT_TEAM = EQHXZ8M8AV;
				FRAMEWORK_SEARCH_PATHS = (
					"$(inherited)",
					"$(PROJECT_DIR)",
				);
				INFOPLIST_FILE = Cannonball/Info.plist;
				IPHONEOS_DEPLOYMENT_TARGET = 8.0;
				LD_RUNPATH_SEARCH_PATHS = "$(inherited) @executable_path/Frameworks";
				PRODUCT_BUNDLE_IDENTIFIER = com.google.cannonball.dev;
				PRODUCT_NAME = Cannonball;
				PROVISIONING_PROFILE = "a93fdc88-675b-4cc8-90a2-509ab0d4e81a";
				PROVISIONING_PROFILE_SPECIFIER = "Cannonball Dev";
				SWIFT_OBJC_BRIDGING_HEADER = "";
				SWIFT_SWIFT3_OBJC_INFERENCE = On;
				SWIFT_VERSION = 4.0;
			};
			name = Debug;
		};
		92A47B31199FCE4E00EDF6A8 /* Release */ = {
			isa = XCBuildConfiguration;
			baseConfigurationReference = 17EB4F5254B0DA151867866C /* Pods-Cannonball.release.xcconfig */;
			buildSettings = {
				ASSETCATALOG_COMPILER_APPICON_NAME = AppIcon;
				ASSETCATALOG_COMPILER_LAUNCHIMAGE_NAME = LaunchImage;
				CODE_SIGN_ENTITLEMENTS = Cannonball/Cannonball.entitlements;
				CODE_SIGN_IDENTITY = "iPhone Developer";
				CODE_SIGN_STYLE = Manual;
				DEVELOPMENT_TEAM = EQHXZ8M8AV;
				FRAMEWORK_SEARCH_PATHS = (
					"$(inherited)",
					"$(PROJECT_DIR)",
				);
				INFOPLIST_FILE = Cannonball/Info.plist;
				IPHONEOS_DEPLOYMENT_TARGET = 8.0;
				LD_RUNPATH_SEARCH_PATHS = "$(inherited) @executable_path/Frameworks";
				PRODUCT_BUNDLE_IDENTIFIER = com.google.cannonball.dev;
				PRODUCT_NAME = Cannonball;
				PROVISIONING_PROFILE = "c5d5281f-5a32-41d1-b39e-0002726facd8";
				PROVISIONING_PROFILE_SPECIFIER = "Cannonball Dev";
				SWIFT_OBJC_BRIDGING_HEADER = "";
				SWIFT_SWIFT3_OBJC_INFERENCE = On;
				SWIFT_VERSION = 4.0;
			};
			name = Release;
		};
		95B237ED208E3CA60025BEA7 /* Debug */ = {
			isa = XCBuildConfiguration;
			baseConfigurationReference = 841543FA004B54E2D80DFCA7 /* Pods-Cannonball.debug.xcconfig */;
			buildSettings = {
				ASSETCATALOG_COMPILER_APPICON_NAME = AppIcon;
				ASSETCATALOG_COMPILER_LAUNCHIMAGE_NAME = LaunchImage;
				CODE_SIGN_ENTITLEMENTS = Cannonball/Cannonball.entitlements;
				CODE_SIGN_IDENTITY = "iPhone Developer";
				CODE_SIGN_STYLE = Manual;
				DEVELOPMENT_TEAM = EQHXZ8M8AV;
				FRAMEWORK_SEARCH_PATHS = (
					"$(inherited)",
					"$(PROJECT_DIR)",
				);
				INFOPLIST_FILE = "$(SRCROOT)/Cannonball/Prod-Info.plist";
				IPHONEOS_DEPLOYMENT_TARGET = 8.0;
				LD_RUNPATH_SEARCH_PATHS = "$(inherited) @executable_path/Frameworks";
				PRODUCT_BUNDLE_IDENTIFIER = com.google.cannonball;
				PRODUCT_NAME = "$(TARGET_NAME)";
				PROVISIONING_PROFILE = "a93fdc88-675b-4cc8-90a2-509ab0d4e81a";
				PROVISIONING_PROFILE_SPECIFIER = "Cannonball Dev";
				SWIFT_OBJC_BRIDGING_HEADER = "";
				SWIFT_SWIFT3_OBJC_INFERENCE = On;
				SWIFT_VERSION = 4.0;
			};
			name = Debug;
		};
		95B237EE208E3CA60025BEA7 /* Release */ = {
			isa = XCBuildConfiguration;
			baseConfigurationReference = 17EB4F5254B0DA151867866C /* Pods-Cannonball.release.xcconfig */;
			buildSettings = {
				ASSETCATALOG_COMPILER_APPICON_NAME = AppIcon;
				ASSETCATALOG_COMPILER_LAUNCHIMAGE_NAME = LaunchImage;
				CODE_SIGN_ENTITLEMENTS = Cannonball/Cannonball.entitlements;
				CODE_SIGN_IDENTITY = "iPhone Developer";
				CODE_SIGN_STYLE = Manual;
				DEVELOPMENT_TEAM = EQHXZ8M8AV;
				FRAMEWORK_SEARCH_PATHS = (
					"$(inherited)",
					"$(PROJECT_DIR)",
				);
				INFOPLIST_FILE = "$(SRCROOT)/Cannonball/Prod-Info.plist";
				IPHONEOS_DEPLOYMENT_TARGET = 8.0;
				LD_RUNPATH_SEARCH_PATHS = "$(inherited) @executable_path/Frameworks";
				PRODUCT_BUNDLE_IDENTIFIER = com.google.cannonball;
				PRODUCT_NAME = "$(TARGET_NAME)";
				PROVISIONING_PROFILE = "c5d5281f-5a32-41d1-b39e-0002726facd8";
				PROVISIONING_PROFILE_SPECIFIER = "Cannonball Dev";
				SWIFT_OBJC_BRIDGING_HEADER = "";
				SWIFT_SWIFT3_OBJC_INFERENCE = On;
				SWIFT_VERSION = 4.0;
			};
			name = Release;
		};
/* End XCBuildConfiguration section */

/* Begin XCConfigurationList section */
		92A47B0E199FCE4D00EDF6A8 /* Build configuration list for PBXProject "Cannonball" */ = {
			isa = XCConfigurationList;
			buildConfigurations = (
				92A47B2D199FCE4E00EDF6A8 /* Debug */,
				92A47B2E199FCE4E00EDF6A8 /* Release */,
			);
			defaultConfigurationIsVisible = 0;
			defaultConfigurationName = Release;
		};
		92A47B2F199FCE4E00EDF6A8 /* Build configuration list for PBXNativeTarget "Cannonball Dev" */ = {
			isa = XCConfigurationList;
			buildConfigurations = (
				92A47B30199FCE4E00EDF6A8 /* Debug */,
				92A47B31199FCE4E00EDF6A8 /* Release */,
			);
			defaultConfigurationIsVisible = 0;
			defaultConfigurationName = Release;
		};
		95B237EC208E3CA60025BEA7 /* Build configuration list for PBXNativeTarget "Cannonball Prod" */ = {
			isa = XCConfigurationList;
			buildConfigurations = (
				95B237ED208E3CA60025BEA7 /* Debug */,
				95B237EE208E3CA60025BEA7 /* Release */,
			);
			defaultConfigurationIsVisible = 0;
			defaultConfigurationName = Release;
		};
/* End XCConfigurationList section */
	};
	rootObject = 92A47B0B199FCE4D00EDF6A8 /* Project object */;
}
